
Microsoft Visual Studio Solution File, Format Version 12.00
# Visual Studio Version 16
VisualStudioVersion = 16.0.29123.88
MinimumVisualStudioVersion = 10.0.40219.1
Project("{FAE04EC0-301F-11D3-BF4B-00C04F79EFBC}") = "BootstrapTest", "BootstrapTest\BootstrapTest.csproj", "{FB3C44E7-FAA2-48D0-98F9-0F7E772EDEEB}"
EndProject
Global
	GlobalSection(SolutionConfigurationPlatforms) = preSolution
		Debug|Any CPU = Debug|Any CPU
		Release|Any CPU = Release|Any CPU
	EndGlobalSection
	GlobalSection(ProjectConfigurationPlatforms) = postSolution
		{FB3C44E7-FAA2-48D0-98F9-0F7E772EDEEB}.Debug|Any CPU.ActiveCfg = Debug|Any CPU
		{FB3C44E7-FAA2-48D0-98F9-0F7E772EDEEB}.Debug|Any CPU.Build.0 = Debug|Any CPU
		{FB3C44E7-FAA2-48D0-98F9-0F7E772EDEEB}.Release|Any CPU.ActiveCfg = Release|Any CPU
		{FB3C44E7-FAA2-48D0-98F9-0F7E772EDEEB}.Release|Any CPU.Build.0 = Release|Any CPU
	EndGlobalSection
	GlobalSection(SolutionProperties) = preSolution
		HideSolutionNode = FALSE
	EndGlobalSection
	GlobalSection(ExtensibilityGlobals) = postSolution
		SolutionGuid = {912AA909-B9D0-451A-8495-381A9476C609}
	EndGlobalSection
	GlobalSection(TeamFoundationVersionControl) = preSolution
		SccNumberOfProjects = 2
		SccEnterpriseProvider = {4CA58AB2-18FA-4F8D-95D4-32DDF27D184C}
		SccTeamFoundationServer = https://shinseungwon.visualstudio.com/
		SccLocalPath0 = .
		SccProjectUniqueName1 = BootstrapTest\\BootstrapTest.csproj
		SccProjectName1 = BootstrapTest
		SccLocalPath1 = BootstrapTest
	EndGlobalSection
EndGlobal
