
Microsoft Visual Studio Solution File, Format Version 12.00
# Visual Studio Version 16
VisualStudioVersion = 16.0.29102.190
MinimumVisualStudioVersion = 10.0.40219.1
Project("{FAE04EC0-301F-11D3-BF4B-00C04F79EFBC}") = "LogReader", "LogReader\LogReader.csproj", "{61AF0CAE-0D1E-4E6B-B843-F3E9646495E5}"
EndProject
Global
	GlobalSection(SolutionConfigurationPlatforms) = preSolution
		Debug|Any CPU = Debug|Any CPU
		Release|Any CPU = Release|Any CPU
	EndGlobalSection
	GlobalSection(ProjectConfigurationPlatforms) = postSolution
		{61AF0CAE-0D1E-4E6B-B843-F3E9646495E5}.Debug|Any CPU.ActiveCfg = Debug|Any CPU
		{61AF0CAE-0D1E-4E6B-B843-F3E9646495E5}.Debug|Any CPU.Build.0 = Debug|Any CPU
		{61AF0CAE-0D1E-4E6B-B843-F3E9646495E5}.Release|Any CPU.ActiveCfg = Release|Any CPU
		{61AF0CAE-0D1E-4E6B-B843-F3E9646495E5}.Release|Any CPU.Build.0 = Release|Any CPU
	EndGlobalSection
	GlobalSection(SolutionProperties) = preSolution
		HideSolutionNode = FALSE
	EndGlobalSection
	GlobalSection(ExtensibilityGlobals) = postSolution
		SolutionGuid = {EEBCA2EE-F7E9-48E8-B0A7-21764A8472A5}
	EndGlobalSection
	GlobalSection(TeamFoundationVersionControl) = preSolution
		SccNumberOfProjects = 2
		SccEnterpriseProvider = {4CA58AB2-18FA-4F8D-95D4-32DDF27D184C}
		SccTeamFoundationServer = https://shinseungwon.visualstudio.com/
		SccLocalPath0 = .
		SccProjectUniqueName1 = LogReader\\LogReader.csproj
		SccProjectName1 = LogReader
		SccLocalPath1 = LogReader
	EndGlobalSection
EndGlobal
