
Microsoft Visual Studio Solution File, Format Version 12.00
# Visual Studio 15
VisualStudioVersion = 15.0.28307.645
MinimumVisualStudioVersion = 10.0.40219.1
Project("{9A19103F-16F7-4668-BE54-9A1E7A4F7556}") = "SSWARE_CORE_PROTOTYPE", "SSWARE_CORE_PROTOTYPE\SSWARE_CORE_PROTOTYPE.csproj", "{F50151B4-64A1-44DF-AC80-4E1E977AAD1B}"
EndProject
Project("{FAE04EC0-301F-11D3-BF4B-00C04F79EFBC}") = "CORE", "..\CORE\CORE.csproj", "{C5E0A66E-23E8-4A52-A49A-006CAD1814D6}"
EndProject
Global
	GlobalSection(SolutionConfigurationPlatforms) = preSolution
		Debug|Any CPU = Debug|Any CPU
		Release|Any CPU = Release|Any CPU
	EndGlobalSection
	GlobalSection(ProjectConfigurationPlatforms) = postSolution
		{F50151B4-64A1-44DF-AC80-4E1E977AAD1B}.Debug|Any CPU.ActiveCfg = Debug|Any CPU
		{F50151B4-64A1-44DF-AC80-4E1E977AAD1B}.Debug|Any CPU.Build.0 = Debug|Any CPU
		{F50151B4-64A1-44DF-AC80-4E1E977AAD1B}.Release|Any CPU.ActiveCfg = Release|Any CPU
		{F50151B4-64A1-44DF-AC80-4E1E977AAD1B}.Release|Any CPU.Build.0 = Release|Any CPU
		{C5E0A66E-23E8-4A52-A49A-006CAD1814D6}.Debug|Any CPU.ActiveCfg = Debug|Any CPU
		{C5E0A66E-23E8-4A52-A49A-006CAD1814D6}.Debug|Any CPU.Build.0 = Debug|Any CPU
		{C5E0A66E-23E8-4A52-A49A-006CAD1814D6}.Release|Any CPU.ActiveCfg = Release|Any CPU
		{C5E0A66E-23E8-4A52-A49A-006CAD1814D6}.Release|Any CPU.Build.0 = Release|Any CPU
	EndGlobalSection
	GlobalSection(SolutionProperties) = preSolution
		HideSolutionNode = FALSE
	EndGlobalSection
	GlobalSection(ExtensibilityGlobals) = postSolution
		SolutionGuid = {4F9B8B98-E42E-4246-A74E-76D46555C8A2}
	EndGlobalSection
	GlobalSection(TeamFoundationVersionControl) = preSolution
		SccNumberOfProjects = 3
		SccEnterpriseProvider = {4CA58AB2-18FA-4F8D-95D4-32DDF27D184C}
		SccTeamFoundationServer = https://shinseungwon.visualstudio.com/
		SccLocalPath0 = .
		SccProjectUniqueName1 = SSWARE_CORE_PROTOTYPE\\SSWARE_CORE_PROTOTYPE.csproj
		SccProjectName1 = SSWARE_CORE_PROTOTYPE
		SccLocalPath1 = SSWARE_CORE_PROTOTYPE
		SccProjectUniqueName2 = ..\\CORE\\CORE.csproj
		SccProjectName2 = ../CORE
		SccLocalPath2 = ..\\CORE
	EndGlobalSection
EndGlobal
